
Microsoft Visual Studio Solution File, Format Version 12.00
# Visual Studio 14
VisualStudioVersion = 14.0.25420.1
MinimumVisualStudioVersion = 10.0.40219.1
Project("{FAE04EC0-301F-11D3-BF4B-00C04F79EFBC}") = "WebFormsProject", "WebFormsProject\WebFormsProject.csproj", "{94DB6CB2-C073-4726-8FF9-6209EAE50EF1}"
EndProject
Project("{FAE04EC0-301F-11D3-BF4B-00C04F79EFBC}") = "WebFormsProjectTests", "TestProject\WebFormsProjectTests.csproj", "{37C7BF98-810E-48E6-A358-DB88D529A771}"
EndProject
Global
	GlobalSection(SolutionConfigurationPlatforms) = preSolution
		Debug|Any CPU = Debug|Any CPU
		Release|Any CPU = Release|Any CPU
	EndGlobalSection
	GlobalSection(ProjectConfigurationPlatforms) = postSolution
		{94DB6CB2-C073-4726-8FF9-6209EAE50EF1}.Debug|Any CPU.ActiveCfg = Debug|Any CPU
		{94DB6CB2-C073-4726-8FF9-6209EAE50EF1}.Debug|Any CPU.Build.0 = Debug|Any CPU
		{94DB6CB2-C073-4726-8FF9-6209EAE50EF1}.Release|Any CPU.ActiveCfg = Release|Any CPU
		{94DB6CB2-C073-4726-8FF9-6209EAE50EF1}.Release|Any CPU.Build.0 = Release|Any CPU
		{37C7BF98-810E-48E6-A358-DB88D529A771}.Debug|Any CPU.ActiveCfg = Debug|Any CPU
		{37C7BF98-810E-48E6-A358-DB88D529A771}.Debug|Any CPU.Build.0 = Debug|Any CPU
		{37C7BF98-810E-48E6-A358-DB88D529A771}.Release|Any CPU.ActiveCfg = Release|Any CPU
		{37C7BF98-810E-48E6-A358-DB88D529A771}.Release|Any CPU.Build.0 = Release|Any CPU
	EndGlobalSection
	GlobalSection(SolutionProperties) = preSolution
		HideSolutionNode = FALSE
	EndGlobalSection
EndGlobal
